
Microsoft Visual Studio Solution File, Format Version 12.00
# Visual Studio Version 16
VisualStudioVersion = 16.0.30413.136
MinimumVisualStudioVersion = 10.0.40219.1
Project("{FAE04EC0-301F-11D3-BF4B-00C04F79EFBC}") = "Entidades", "Entidades\Entidades.csproj", "{599D7665-EC1E-4C4E-94C1-0F1B04F6EF36}"
EndProject
Project("{FAE04EC0-301F-11D3-BF4B-00C04F79EFBC}") = "PruebaConsola", "PruebaConsola\PruebaConsola.csproj", "{14945C97-D029-483B-B280-91550E419D86}"
EndProject
Global
	GlobalSection(SolutionConfigurationPlatforms) = preSolution
		Debug|Any CPU = Debug|Any CPU
		Release|Any CPU = Release|Any CPU
	EndGlobalSection
	GlobalSection(ProjectConfigurationPlatforms) = postSolution
		{599D7665-EC1E-4C4E-94C1-0F1B04F6EF36}.Debug|Any CPU.ActiveCfg = Debug|Any CPU
		{599D7665-EC1E-4C4E-94C1-0F1B04F6EF36}.Debug|Any CPU.Build.0 = Debug|Any CPU
		{599D7665-EC1E-4C4E-94C1-0F1B04F6EF36}.Release|Any CPU.ActiveCfg = Release|Any CPU
		{599D7665-EC1E-4C4E-94C1-0F1B04F6EF36}.Release|Any CPU.Build.0 = Release|Any CPU
		{14945C97-D029-483B-B280-91550E419D86}.Debug|Any CPU.ActiveCfg = Debug|Any CPU
		{14945C97-D029-483B-B280-91550E419D86}.Debug|Any CPU.Build.0 = Debug|Any CPU
		{14945C97-D029-483B-B280-91550E419D86}.Release|Any CPU.ActiveCfg = Release|Any CPU
		{14945C97-D029-483B-B280-91550E419D86}.Release|Any CPU.Build.0 = Release|Any CPU
	EndGlobalSection
	GlobalSection(SolutionProperties) = preSolution
		HideSolutionNode = FALSE
	EndGlobalSection
	GlobalSection(ExtensibilityGlobals) = postSolution
		SolutionGuid = {A6699465-F548-433C-87D8-641D38EA7205}
	EndGlobalSection
EndGlobal
