
Microsoft Visual Studio Solution File, Format Version 12.00
# Visual Studio 15
VisualStudioVersion = 15.0.28010.2003
MinimumVisualStudioVersion = 10.0.40219.1
Project("{FAE04EC0-301F-11D3-BF4B-00C04F79EFBC}") = "Entidades", "Entidades\Entidades.csproj", "{8D59F469-7E91-40D8-B4E0-E5043DBE9D8C}"
EndProject
Project("{FAE04EC0-301F-11D3-BF4B-00C04F79EFBC}") = "MiCalculadora", "MiCalculadora\MiCalculadora.csproj", "{AA647CBC-7107-40A6-8DAC-C99509901CFE}"
EndProject
Global
	GlobalSection(SolutionConfigurationPlatforms) = preSolution
		Debug|Any CPU = Debug|Any CPU
		Release|Any CPU = Release|Any CPU
	EndGlobalSection
	GlobalSection(ProjectConfigurationPlatforms) = postSolution
		{8D59F469-7E91-40D8-B4E0-E5043DBE9D8C}.Debug|Any CPU.ActiveCfg = Debug|Any CPU
		{8D59F469-7E91-40D8-B4E0-E5043DBE9D8C}.Debug|Any CPU.Build.0 = Debug|Any CPU
		{8D59F469-7E91-40D8-B4E0-E5043DBE9D8C}.Release|Any CPU.ActiveCfg = Release|Any CPU
		{8D59F469-7E91-40D8-B4E0-E5043DBE9D8C}.Release|Any CPU.Build.0 = Release|Any CPU
		{AA647CBC-7107-40A6-8DAC-C99509901CFE}.Debug|Any CPU.ActiveCfg = Debug|Any CPU
		{AA647CBC-7107-40A6-8DAC-C99509901CFE}.Debug|Any CPU.Build.0 = Debug|Any CPU
		{AA647CBC-7107-40A6-8DAC-C99509901CFE}.Release|Any CPU.ActiveCfg = Release|Any CPU
		{AA647CBC-7107-40A6-8DAC-C99509901CFE}.Release|Any CPU.Build.0 = Release|Any CPU
	EndGlobalSection
	GlobalSection(SolutionProperties) = preSolution
		HideSolutionNode = FALSE
	EndGlobalSection
	GlobalSection(ExtensibilityGlobals) = postSolution
		SolutionGuid = {D0C6BFC1-7024-43D5-8558-BFB9AFD8D1F8}
	EndGlobalSection
EndGlobal
